{
  "name": "spacetimedb-node-project",
  "version": "1.1.5",
  "lockfileVersion": 3,
  "requires": true,
  "packages": {
    "": {
      "name": "spacetimedb-node-project",
      "version": "1.1.5",
      "license": "ISC",
      "dependencies": {
        "@noble/curves": "^2.0.1",
        "@simplewebauthn/server": "^13.3.0",
        "@simplewebauthn/typescript-types": "^8.3.4",
        "base64-js": "^1.5.1",
        "spacetimedb": "^2.0.2",
        "webauthn-p256": "^0.0.10"
      },
      "devDependencies": {
        "typescript": "~5.6.2"
      }
    },
    "node_modules/@hexagon/base64": {
      "version": "1.1.28",
      "resolved": "https://registry.npmjs.org/@hexagon/base64/-/base64-1.1.28.tgz",
      "integrity": "sha512-lhqDEAvWixy3bZ+UOYbPwUbBkwBq5C1LAJ/xPC8Oi+lL54oyakv/npbA0aU2hgCsx/1NUd4IBvV03+aUBWxerw==",
      "license": "MIT"
    },
    "node_modules/@levischuck/tiny-cbor": {
      "version": "0.2.11",
      "resolved": "https://registry.npmjs.org/@levischuck/tiny-cbor/-/tiny-cbor-0.2.11.tgz",
      "integrity": "sha512-llBRm4dT4Z89aRsm6u2oEZ8tfwL/2l6BwpZ7JcyieouniDECM5AqNgr/y08zalEIvW3RSK4upYyybDcmjXqAow==",
      "license": "MIT"
    },
    "node_modules/@noble/curves": {
      "version": "2.0.1",
      "resolved": "https://registry.npmjs.org/@noble/curves/-/curves-2.0.1.tgz",
      "integrity": "sha512-vs1Az2OOTBiP4q0pwjW5aF0xp9n4MxVrmkFBxc6EKZc6ddYx5gaZiAsZoq0uRRXWbi3AT/sBqn05eRPtn1JCPw==",
      "license": "MIT",
      "dependencies": {
        "@noble/hashes": "2.0.1"
      },
      "engines": {
        "node": ">= 20.19.0"
      },
      "funding": {
        "url": "https://paulmillr.com/funding/"
      }
    },
    "node_modules/@noble/hashes": {
      "version": "2.0.1",
      "resolved": "https://registry.npmjs.org/@noble/hashes/-/hashes-2.0.1.tgz",
      "integrity": "sha512-XlOlEbQcE9fmuXxrVTXCTlG2nlRXa9Rj3rr5Ue/+tX+nmkgbX720YHh0VR3hBF9xDvwnb8D2shVGOwNx+ulArw==",
      "license": "MIT",
      "engines": {
        "node": ">= 20.19.0"
      },
      "funding": {
        "url": "https://paulmillr.com/funding/"
      }
    },
    "node_modules/@peculiar/asn1-android": {
      "version": "2.6.0",
      "resolved": "https://registry.npmjs.org/@peculiar/asn1-android/-/asn1-android-2.6.0.tgz",
      "integrity": "sha512-cBRCKtYPF7vJGN76/yG8VbxRcHLPF3HnkoHhKOZeHpoVtbMYfY9ROKtH3DtYUY9m8uI1Mh47PRhHf2hSK3xcSQ==",
      "license": "MIT",
      "dependencies": {
        "@peculiar/asn1-schema": "^2.6.0",
        "asn1js": "^3.0.6",
        "tslib": "^2.8.1"
      }
    },
    "node_modules/@peculiar/asn1-cms": {
      "version": "2.6.1",
      "resolved": "https://registry.npmjs.org/@peculiar/asn1-cms/-/asn1-cms-2.6.1.tgz",
      "integrity": "sha512-vdG4fBF6Lkirkcl53q6eOdn3XYKt+kJTG59edgRZORlg/3atWWEReRCx5rYE1ZzTTX6vLK5zDMjHh7vbrcXGtw==",
      "license": "MIT",
      "dependencies": {
        "@peculiar/asn1-schema": "^2.6.0",
        "@peculiar/asn1-x509": "^2.6.1",
        "@peculiar/asn1-x509-attr": "^2.6.1",
        "asn1js": "^3.0.6",
        "tslib": "^2.8.1"
      }
    },
    "node_modules/@peculiar/asn1-csr": {
      "version": "2.6.1",
      "resolved": "https://registry.npmjs.org/@peculiar/asn1-csr/-/asn1-csr-2.6.1.tgz",
      "integrity": "sha512-WRWnKfIocHyzFYQTka8O/tXCiBquAPSrRjXbOkHbO4qdmS6loffCEGs+rby6WxxGdJCuunnhS2duHURhjyio6w==",
      "license": "MIT",
      "dependencies": {
        "@peculiar/asn1-schema": "^2.6.0",
        "@peculiar/asn1-x509": "^2.6.1",
        "asn1js": "^3.0.6",
        "tslib": "^2.8.1"
      }
    },
    "node_modules/@peculiar/asn1-ecc": {
      "version": "2.6.1",
      "resolved": "https://registry.npmjs.org/@peculiar/asn1-ecc/-/asn1-ecc-2.6.1.tgz",
      "integrity": "sha512-+Vqw8WFxrtDIN5ehUdvlN2m73exS2JVG0UAyfVB31gIfor3zWEAQPD+K9ydCxaj3MLen9k0JhKpu9LqviuCE1g==",
      "license": "MIT",
      "dependencies": {
        "@peculiar/asn1-schema": "^2.6.0",
        "@peculiar/asn1-x509": "^2.6.1",
        "asn1js": "^3.0.6",
        "tslib": "^2.8.1"
      }
    },
    "node_modules/@peculiar/asn1-pfx": {
      "version": "2.6.1",
      "resolved": "https://registry.npmjs.org/@peculiar/asn1-pfx/-/asn1-pfx-2.6.1.tgz",
      "integrity": "sha512-nB5jVQy3MAAWvq0KY0R2JUZG8bO/bTLpnwyOzXyEh/e54ynGTatAR+csOnXkkVD9AFZ2uL8Z7EV918+qB1qDvw==",
      "license": "MIT",
      "dependencies": {
        "@peculiar/asn1-cms": "^2.6.1",
        "@peculiar/asn1-pkcs8": "^2.6.1",
        "@peculiar/asn1-rsa": "^2.6.1",
        "@peculiar/asn1-schema": "^2.6.0",
        "asn1js": "^3.0.6",
        "tslib": "^2.8.1"
      }
    },
    "node_modules/@peculiar/asn1-pkcs8": {
      "version": "2.6.1",
      "resolved": "https://registry.npmjs.org/@peculiar/asn1-pkcs8/-/asn1-pkcs8-2.6.1.tgz",
      "integrity": "sha512-JB5iQ9Izn5yGMw3ZG4Nw3Xn/hb/G38GYF3lf7WmJb8JZUydhVGEjK/ZlFSWhnlB7K/4oqEs8HnfFIKklhR58Tw==",
      "license": "MIT",
      "dependencies": {
        "@peculiar/asn1-schema": "^2.6.0",
        "@peculiar/asn1-x509": "^2.6.1",
        "asn1js": "^3.0.6",
        "tslib": "^2.8.1"
      }
    },
    "node_modules/@peculiar/asn1-pkcs9": {
      "version": "2.6.1",
      "resolved": "https://registry.npmjs.org/@peculiar/asn1-pkcs9/-/asn1-pkcs9-2.6.1.tgz",
      "integrity": "sha512-5EV8nZoMSxeWmcxWmmcolg22ojZRgJg+Y9MX2fnE2bGRo5KQLqV5IL9kdSQDZxlHz95tHvIq9F//bvL1OeNILw==",
      "license": "MIT",
      "dependencies": {
        "@peculiar/asn1-cms": "^2.6.1",
        "@peculiar/asn1-pfx": "^2.6.1",
        "@peculiar/asn1-pkcs8": "^2.6.1",
        "@peculiar/asn1-schema": "^2.6.0",
        "@peculiar/asn1-x509": "^2.6.1",
        "@peculiar/asn1-x509-attr": "^2.6.1",
        "asn1js": "^3.0.6",
        "tslib": "^2.8.1"
      }
    },
    "node_modules/@peculiar/asn1-rsa": {
      "version": "2.6.1",
      "resolved": "https://registry.npmjs.org/@peculiar/asn1-rsa/-/asn1-rsa-2.6.1.tgz",
      "integrity": "sha512-1nVMEh46SElUt5CB3RUTV4EG/z7iYc7EoaDY5ECwganibQPkZ/Y2eMsTKB/LeyrUJ+W/tKoD9WUqIy8vB+CEdA==",
      "license": "MIT",
      "dependencies": {
        "@peculiar/asn1-schema": "^2.6.0",
        "@peculiar/asn1-x509": "^2.6.1",
        "asn1js": "^3.0.6",
        "tslib": "^2.8.1"
      }
    },
    "node_modules/@peculiar/asn1-schema": {
      "version": "2.6.0",
      "resolved": "https://registry.npmjs.org/@peculiar/asn1-schema/-/asn1-schema-2.6.0.tgz",
      "integrity": "sha512-xNLYLBFTBKkCzEZIw842BxytQQATQv+lDTCEMZ8C196iJcJJMBUZxrhSTxLaohMyKK8QlzRNTRkUmanucnDSqg==",
      "license": "MIT",
      "dependencies": {
        "asn1js": "^3.0.6",
        "pvtsutils": "^1.3.6",
        "tslib": "^2.8.1"
      }
    },
    "node_modules/@peculiar/asn1-x509": {
      "version": "2.6.1",
      "resolved": "https://registry.npmjs.org/@peculiar/asn1-x509/-/asn1-x509-2.6.1.tgz",
      "integrity": "sha512-O9jT5F1A2+t3r7C4VT7LYGXqkGLK7Kj1xFpz7U0isPrubwU5PbDoyYtx6MiGst29yq7pXN5vZbQFKRCP+lLZlA==",
      "license": "MIT",
      "dependencies": {
        "@peculiar/asn1-schema": "^2.6.0",
        "asn1js": "^3.0.6",
        "pvtsutils": "^1.3.6",
        "tslib": "^2.8.1"
      }
    },
    "node_modules/@peculiar/asn1-x509-attr": {
      "version": "2.6.1",
      "resolved": "https://registry.npmjs.org/@peculiar/asn1-x509-attr/-/asn1-x509-attr-2.6.1.tgz",
      "integrity": "sha512-tlW6cxoHwgcQghnJwv3YS+9OO1737zgPogZ+CgWRUK4roEwIPzRH4JEiG770xe5HX2ATfCpmX60gurfWIF9dcQ==",
      "license": "MIT",
      "dependencies": {
        "@peculiar/asn1-schema": "^2.6.0",
        "@peculiar/asn1-x509": "^2.6.1",
        "asn1js": "^3.0.6",
        "tslib": "^2.8.1"
      }
    },
    "node_modules/@peculiar/x509": {
      "version": "1.14.3",
      "resolved": "https://registry.npmjs.org/@peculiar/x509/-/x509-1.14.3.tgz",
      "integrity": "sha512-C2Xj8FZ0uHWeCXXqX5B4/gVFQmtSkiuOolzAgutjTfseNOHT3pUjljDZsTSxXFGgio54bCzVFqmEOUrIVk8RDA==",
      "license": "MIT",
      "dependencies": {
        "@peculiar/asn1-cms": "^2.6.0",
        "@peculiar/asn1-csr": "^2.6.0",
        "@peculiar/asn1-ecc": "^2.6.0",
        "@peculiar/asn1-pkcs9": "^2.6.0",
        "@peculiar/asn1-rsa": "^2.6.0",
        "@peculiar/asn1-schema": "^2.6.0",
        "@peculiar/asn1-x509": "^2.6.0",
        "pvtsutils": "^1.3.6",
        "reflect-metadata": "^0.2.2",
        "tslib": "^2.8.1",
        "tsyringe": "^4.10.0"
      },
      "engines": {
        "node": ">=20.0.0"
      }
    },
    "node_modules/@simplewebauthn/server": {
      "version": "13.3.0",
      "resolved": "https://registry.npmjs.org/@simplewebauthn/server/-/server-13.3.0.tgz",
      "integrity": "sha512-MLHYFrYG8/wK2i+86XMhiecK72nMaHKKt4bo+7Q1TbuG9iGjlSdfkPWKO5ZFE/BX+ygCJ7pr8H/AJeyAj1EaTQ==",
      "license": "MIT",
      "dependencies": {
        "@hexagon/base64": "^1.1.27",
        "@levischuck/tiny-cbor": "^0.2.2",
        "@peculiar/asn1-android": "^2.6.0",
        "@peculiar/asn1-ecc": "^2.6.1",
        "@peculiar/asn1-rsa": "^2.6.1",
        "@peculiar/asn1-schema": "^2.6.0",
        "@peculiar/asn1-x509": "^2.6.1",
        "@peculiar/x509": "^1.14.3"
      },
      "engines": {
        "node": ">=20.0.0"
      }
    },
    "node_modules/@simplewebauthn/typescript-types": {
      "version": "8.3.4",
      "resolved": "https://registry.npmjs.org/@simplewebauthn/typescript-types/-/typescript-types-8.3.4.tgz",
      "integrity": "sha512-38xtca0OqfRVNloKBrFB5LEM6PN5vzFbJG6rAutPVrtGHFYxPdiV3btYWq0eAZAZmP+dqFPYJxJWeJrGfmYHng==",
      "deprecated": "This package has been renamed to @simplewebauthn/types. Please install @simplewebauthn/types instead to ensure you receive future updates.",
      "license": "MIT"
    },
    "node_modules/asn1js": {
      "version": "3.0.7",
      "resolved": "https://registry.npmjs.org/asn1js/-/asn1js-3.0.7.tgz",
      "integrity": "sha512-uLvq6KJu04qoQM6gvBfKFjlh6Gl0vOKQuR5cJMDHQkmwfMOQeN3F3SHCv9SNYSL+CRoHvOGFfllDlVz03GQjvQ==",
      "license": "BSD-3-Clause",
      "dependencies": {
        "pvtsutils": "^1.3.6",
        "pvutils": "^1.1.3",
        "tslib": "^2.8.1"
      },
      "engines": {
        "node": ">=12.0.0"
      }
    },
    "node_modules/base64-js": {
      "version": "1.5.1",
      "resolved": "https://registry.npmjs.org/base64-js/-/base64-js-1.5.1.tgz",
      "integrity": "sha512-AKpaYlHn8t4SVbOHCy+b5+KKgvR4vrsD8vbvrbiQJps7fKDTkjkDry6ji0rUJjC0kzbNePLwzxq8iypo41qeWA==",
      "funding": [
        {
          "type": "github",
          "url": "https://github.com/sponsors/feross"
        },
        {
          "type": "patreon",
          "url": "https://www.patreon.com/feross"
        },
        {
          "type": "consulting",
          "url": "https://feross.org/support"
        }
      ],
      "license": "MIT"
    },
    "node_modules/headers-polyfill": {
      "version": "4.0.3",
      "resolved": "https://registry.npmjs.org/headers-polyfill/-/headers-polyfill-4.0.3.tgz",
      "integrity": "sha512-IScLbePpkvO846sIwOtOTDjutRMWdXdJmXdMvk6gCBHxFO8d+QKOQedyZSxFTTFYRSmlgSTDtXqqq4pcenBXLQ==",
      "license": "MIT"
    },
    "node_modules/object-inspect": {
      "version": "1.13.4",
      "resolved": "https://registry.npmjs.org/object-inspect/-/object-inspect-1.13.4.tgz",
      "integrity": "sha512-W67iLl4J2EXEGTbfeHCffrjDfitvLANg0UlX3wFUUSTx92KXRFegMHUVgSqE+wvhAbi4WqjGg9czysTV2Epbew==",
      "license": "MIT",
      "engines": {
        "node": ">= 0.4"
      },
      "funding": {
        "url": "https://github.com/sponsors/ljharb"
      }
    },
    "node_modules/prettier": {
      "version": "3.8.1",
      "resolved": "https://registry.npmjs.org/prettier/-/prettier-3.8.1.tgz",
      "integrity": "sha512-UOnG6LftzbdaHZcKoPFtOcCKztrQ57WkHDeRD9t/PTQtmT0NHSeWWepj6pS0z/N7+08BHFDQVUrfmfMRcZwbMg==",
      "license": "MIT",
      "bin": {
        "prettier": "bin/prettier.cjs"
      },
      "engines": {
        "node": ">=14"
      },
      "funding": {
        "url": "https://github.com/prettier/prettier?sponsor=1"
      }
    },
    "node_modules/pure-rand": {
      "version": "7.0.1",
      "resolved": "https://registry.npmjs.org/pure-rand/-/pure-rand-7.0.1.tgz",
      "integrity": "sha512-oTUZM/NAZS8p7ANR3SHh30kXB+zK2r2BPcEn/awJIbOvq82WoMN4p62AWWp3Hhw50G0xMsw1mhIBLqHw64EcNQ==",
      "funding": [
        {
          "type": "individual",
          "url": "https://github.com/sponsors/dubzzz"
        },
        {
          "type": "opencollective",
          "url": "https://opencollective.com/fast-check"
        }
      ],
      "license": "MIT"
    },
    "node_modules/pvtsutils": {
      "version": "1.3.6",
      "resolved": "https://registry.npmjs.org/pvtsutils/-/pvtsutils-1.3.6.tgz",
      "integrity": "sha512-PLgQXQ6H2FWCaeRak8vvk1GW462lMxB5s3Jm673N82zI4vqtVUPuZdffdZbPDFRoU8kAhItWFtPCWiPpp4/EDg==",
      "license": "MIT",
      "dependencies": {
        "tslib": "^2.8.1"
      }
    },
    "node_modules/pvutils": {
      "version": "1.1.5",
      "resolved": "https://registry.npmjs.org/pvutils/-/pvutils-1.1.5.tgz",
      "integrity": "sha512-KTqnxsgGiQ6ZAzZCVlJH5eOjSnvlyEgx1m8bkRJfOhmGRqfo5KLvmAlACQkrjEtOQ4B7wF9TdSLIs9O90MX9xA==",
      "license": "MIT",
      "engines": {
        "node": ">=16.0.0"
      }
    },
    "node_modules/reflect-metadata": {
      "version": "0.2.2",
      "resolved": "https://registry.npmjs.org/reflect-metadata/-/reflect-metadata-0.2.2.tgz",
      "integrity": "sha512-urBwgfrvVP/eAyXx4hluJivBKzuEbSQs9rKWCrCkbSxNv8mxPcUZKeuoF3Uy4mJl3Lwprp6yy5/39VWigZ4K6Q==",
      "license": "Apache-2.0"
    },
    "node_modules/safe-stable-stringify": {
      "version": "2.5.0",
      "resolved": "https://registry.npmjs.org/safe-stable-stringify/-/safe-stable-stringify-2.5.0.tgz",
      "integrity": "sha512-b3rppTKm9T+PsVCBEOUR46GWI7fdOs00VKZ1+9c1EWDaDMvjQc6tUwuFyIprgGgTcWoVHSKrU8H31ZHA2e0RHA==",
      "license": "MIT",
      "engines": {
        "node": ">=10"
      }
    },
    "node_modules/spacetimedb": {
      "version": "2.0.3",
      "resolved": "https://registry.npmjs.org/spacetimedb/-/spacetimedb-2.0.3.tgz",
      "integrity": "sha512-ksW+A7CIHgfC7VBmvLwoCd0bqxHbPOX0gZmNt7LXVw0vsjnfRJWcLOSE8AbJCcw5eUOcI3MvuA/XH8monUG1OA==",
      "license": "ISC",
      "dependencies": {
        "base64-js": "^1.5.1",
        "headers-polyfill": "^4.0.3",
        "object-inspect": "^1.13.4",
        "prettier": "^3.3.3",
        "pure-rand": "^7.0.1",
        "safe-stable-stringify": "^2.5.0",
        "statuses": "^2.0.2",
        "url-polyfill": "^1.1.14"
      },
      "peerDependencies": {
        "@angular/core": ">=17.0.0",
        "@tanstack/react-query": "^5.0.0",
        "react": "^18.0.0 || ^19.0.0-0 || ^19.0.0",
        "svelte": "^4.0.0 || ^5.0.0",
        "undici": "^6.19.2",
        "vue": "^3.3.0"
      },
      "peerDependenciesMeta": {
        "@angular/core": {
          "optional": true
        },
        "@tanstack/react-query": {
          "optional": true
        },
        "react": {
          "optional": true
        },
        "svelte": {
          "optional": true
        },
        "undici": {
          "optional": true
        },
        "vue": {
          "optional": true
        }
      }
    },
    "node_modules/statuses": {
      "version": "2.0.2",
      "resolved": "https://registry.npmjs.org/statuses/-/statuses-2.0.2.tgz",
      "integrity": "sha512-DvEy55V3DB7uknRo+4iOGT5fP1slR8wQohVdknigZPMpMstaKJQWhwiYBACJE3Ul2pTnATihhBYnRhZQHGBiRw==",
      "license": "MIT",
      "engines": {
        "node": ">= 0.8"
      }
    },
    "node_modules/tslib": {
      "version": "2.8.1",
      "resolved": "https://registry.npmjs.org/tslib/-/tslib-2.8.1.tgz",
      "integrity": "sha512-oJFu94HQb+KVduSUQL7wnpmqnfmLsOA/nAh6b6EH0wCEoK0/mPeXU6c3wKDV83MkOuHPRHtSXKKU99IBazS/2w==",
      "license": "0BSD"
    },
    "node_modules/tsyringe": {
      "version": "4.10.0",
      "resolved": "https://registry.npmjs.org/tsyringe/-/tsyringe-4.10.0.tgz",
      "integrity": "sha512-axr3IdNuVIxnaK5XGEUFTu3YmAQ6lllgrvqfEoR16g/HGnYY/6We4oWENtAnzK6/LpJ2ur9PAb80RBt7/U4ugw==",
      "license": "MIT",
      "dependencies": {
        "tslib": "^1.9.3"
      },
      "engines": {
        "node": ">= 6.0.0"
      }
    },
    "node_modules/tsyringe/node_modules/tslib": {
      "version": "1.14.1",
      "resolved": "https://registry.npmjs.org/tslib/-/tslib-1.14.1.tgz",
      "integrity": "sha512-Xni35NKzjgMrwevysHTCArtLDpPvye8zV/0E4EyYn43P7/7qvQwPh9BGkHewbMulVntbigmcT7rdX3BNo9wRJg==",
      "license": "0BSD"
    },
    "node_modules/typescript": {
      "version": "5.6.3",
      "resolved": "https://registry.npmjs.org/typescript/-/typescript-5.6.3.tgz",
      "integrity": "sha512-hjcS1mhfuyi4WW8IWtjP7brDrG2cuDZukyrYrSauoXGNgx0S7zceP07adYkJycEr56BOUTNPzbInooiN3fn1qw==",
      "dev": true,
      "license": "Apache-2.0",
      "bin": {
        "tsc": "bin/tsc",
        "tsserver": "bin/tsserver"
      },
      "engines": {
        "node": ">=14.17"
      }
    },
    "node_modules/url-polyfill": {
      "version": "1.1.14",
      "resolved": "https://registry.npmjs.org/url-polyfill/-/url-polyfill-1.1.14.tgz",
      "integrity": "sha512-p4f3TTAG6ADVF3mwbXw7hGw+QJyw5CnNGvYh5fCuQQZIiuKUswqcznyV3pGDP9j0TSmC4UvRKm8kl1QsX1diiQ==",
      "license": "MIT"
    },
    "node_modules/webauthn-p256": {
      "version": "0.0.10",
      "resolved": "https://registry.npmjs.org/webauthn-p256/-/webauthn-p256-0.0.10.tgz",
      "integrity": "sha512-EeYD+gmIT80YkSIDb2iWq0lq2zbHo1CxHlQTeJ+KkCILWpVy3zASH3ByD4bopzfk0uCwXxLqKGLqp2W4O28VFA==",
      "funding": [
        {
          "type": "github",
          "url": "https://github.com/sponsors/wevm"
        }
      ],
      "license": "MIT",
      "dependencies": {
        "@noble/curves": "^1.4.0",
        "@noble/hashes": "^1.4.0"
      }
    },
    "node_modules/webauthn-p256/node_modules/@noble/curves": {
      "version": "1.9.7",
      "resolved": "https://registry.npmjs.org/@noble/curves/-/curves-1.9.7.tgz",
      "integrity": "sha512-gbKGcRUYIjA3/zCCNaWDciTMFI0dCkvou3TL8Zmy5Nc7sJ47a0jtOeZoTaMxkuqRo9cRhjOdZJXegxYE5FN/xw==",
      "license": "MIT",
      "dependencies": {
        "@noble/hashes": "1.8.0"
      },
      "engines": {
        "node": "^14.21.3 || >=16"
      },
      "funding": {
        "url": "https://paulmillr.com/funding/"
      }
    },
    "node_modules/webauthn-p256/node_modules/@noble/hashes": {
      "version": "1.8.0",
      "resolved": "https://registry.npmjs.org/@noble/hashes/-/hashes-1.8.0.tgz",
      "integrity": "sha512-jCs9ldd7NwzpgXDIf6P3+NrHh9/sD6CQdxHyjQI+h/6rDNo88ypBxxz45UDuZHz9r3tNz7N/VInSVoVdtXEI4A==",
      "license": "MIT",
      "engines": {
        "node": "^14.21.3 || >=16"
      },
      "funding": {
        "url": "https://paulmillr.com/funding/"
      }
    }
  }
}
